
Microsoft Visual Studio Solution File, Format Version 12.00
# Visual Studio Version 17
VisualStudioVersion = 17.14.36717.8 d17.14
MinimumVisualStudioVersion = 10.0.40219.1
Project("{FAE04EC0-301F-11D3-BF4B-00C04F79EFBC}") = "SmartGrid", "SmartGrid.csproj", "{666E5515-7A0D-4FA7-83BC-26920BEA0B87}"
EndProject
Global
	GlobalSection(SolutionConfigurationPlatforms) = preSolution
		Debug|Any CPU = Debug|Any CPU
		Release|Any CPU = Release|Any CPU
	EndGlobalSection
	GlobalSection(ProjectConfigurationPlatforms) = postSolution
		{666E5515-7A0D-4FA7-83BC-26920BEA0B87}.Debug|Any CPU.ActiveCfg = Debug|Any CPU
		{666E5515-7A0D-4FA7-83BC-26920BEA0B87}.Debug|Any CPU.Build.0 = Debug|Any CPU
		{666E5515-7A0D-4FA7-83BC-26920BEA0B87}.Release|Any CPU.ActiveCfg = Release|Any CPU
		{666E5515-7A0D-4FA7-83BC-26920BEA0B87}.Release|Any CPU.Build.0 = Release|Any CPU
	EndGlobalSection
	GlobalSection(SolutionProperties) = preSolution
		HideSolutionNode = FALSE
	EndGlobalSection
	GlobalSection(ExtensibilityGlobals) = postSolution
		SolutionGuid = {8F80904A-259E-4ED9-A7A6-C151A4F4E92D}
	EndGlobalSection
EndGlobal
